
Microsoft Visual Studio Solution File, Format Version 12.00
# Visual Studio Version 16
VisualStudioVersion = 16.0.30406.217
MinimumVisualStudioVersion = 10.0.40219.1
Project("{9A19103F-16F7-4668-BE54-9A1E7A4F7556}") = "New_project", "New_project\New_project.csproj", "{98168E20-C739-49C9-AD01-4B939638ED9B}"
EndProject
Project("{FAE04EC0-301F-11D3-BF4B-00C04F79EFBC}") = "Lab2Pyramid", "Lab2Pyramid\Lab2Pyramid.csproj", "{4F752209-3EA5-473C-A867-338DB0B74561}"
EndProject
Global
	GlobalSection(SolutionConfigurationPlatforms) = preSolution
		Debug|Any CPU = Debug|Any CPU
		Release|Any CPU = Release|Any CPU
	EndGlobalSection
	GlobalSection(ProjectConfigurationPlatforms) = postSolution
		{98168E20-C739-49C9-AD01-4B939638ED9B}.Debug|Any CPU.ActiveCfg = Debug|Any CPU
		{98168E20-C739-49C9-AD01-4B939638ED9B}.Debug|Any CPU.Build.0 = Debug|Any CPU
		{98168E20-C739-49C9-AD01-4B939638ED9B}.Release|Any CPU.ActiveCfg = Release|Any CPU
		{98168E20-C739-49C9-AD01-4B939638ED9B}.Release|Any CPU.Build.0 = Release|Any CPU
		{4F752209-3EA5-473C-A867-338DB0B74561}.Debug|Any CPU.ActiveCfg = Debug|Any CPU
		{4F752209-3EA5-473C-A867-338DB0B74561}.Debug|Any CPU.Build.0 = Debug|Any CPU
		{4F752209-3EA5-473C-A867-338DB0B74561}.Release|Any CPU.ActiveCfg = Release|Any CPU
		{4F752209-3EA5-473C-A867-338DB0B74561}.Release|Any CPU.Build.0 = Release|Any CPU
	EndGlobalSection
	GlobalSection(SolutionProperties) = preSolution
		HideSolutionNode = FALSE
	EndGlobalSection
	GlobalSection(ExtensibilityGlobals) = postSolution
		SolutionGuid = {726FA53F-02F2-4558-9FF5-BED5913B9FD8}
	EndGlobalSection
EndGlobal
